Microsoft Visual Studio Solution File, Format Version 12.00
# Visual Studio Version 17
VisualStudioVersion = 17.5.320.0
MinimumVisualStudioVersion = 10.0.40219.1
Project("{FAE04EC0-301F-11D3-BF4B-00C04F79EFBC}") = "DungeonSlime", "c:\Users\kiki_\OneDrive\Desktop\SlimeDungeon\DungeonSlime\DungeonSlime.csproj", "{DF891426-FBB0-335E-6FA8-28C097154463}"
EndProject
Global
	GlobalSection(SolutionConfigurationPlatforms) = preSolution
		Debug|Any CPU = Debug|Any CPU
		Release|Any CPU = Release|Any CPU
	EndGlobalSection
	GlobalSection(ProjectConfigurationPlatforms) = postSolution
		{DF891426-FBB0-335E-6FA8-28C097154463}.Debug|Any CPU.ActiveCfg = Debug|Any CPU
		{DF891426-FBB0-335E-6FA8-28C097154463}.Debug|Any CPU.Build.0 = Debug|Any CPU
		{DF891426-FBB0-335E-6FA8-28C097154463}.Release|Any CPU.ActiveCfg = Release|Any CPU
		{DF891426-FBB0-335E-6FA8-28C097154463}.Release|Any CPU.Build.0 = Release|Any CPU
	EndGlobalSection
	GlobalSection(SolutionProperties) = preSolution
		HideSolutionNode = FALSE
	EndGlobalSection
	GlobalSection(ExtensibilityGlobals) = postSolution
		SolutionGuid = {5CC2CDB7-07A6-4D79-966B-A4583C236F9B}
	EndGlobalSection
EndGlobal
